
Microsoft Visual Studio Solution File, Format Version 12.00
# Visual Studio Version 16
VisualStudioVersion = 16.0.31424.327
MinimumVisualStudioVersion = 10.0.40219.1
Project("{FAE04EC0-301F-11D3-BF4B-00C04F79EFBC}") = "ButikSinemaSalonuUygulamasi", "ButikSinemaSalonuUygulamasi\ButikSinemaSalonuUygulamasi.csproj", "{EE5588F5-509D-41AF-8047-B57179100A2F}"
EndProject
Global
	GlobalSection(SolutionConfigurationPlatforms) = preSolution
		Debug|Any CPU = Debug|Any CPU
		Release|Any CPU = Release|Any CPU
	EndGlobalSection
	GlobalSection(ProjectConfigurationPlatforms) = postSolution
		{EE5588F5-509D-41AF-8047-B57179100A2F}.Debug|Any CPU.ActiveCfg = Debug|Any CPU
		{EE5588F5-509D-41AF-8047-B57179100A2F}.Debug|Any CPU.Build.0 = Debug|Any CPU
		{EE5588F5-509D-41AF-8047-B57179100A2F}.Release|Any CPU.ActiveCfg = Release|Any CPU
		{EE5588F5-509D-41AF-8047-B57179100A2F}.Release|Any CPU.Build.0 = Release|Any CPU
	EndGlobalSection
	GlobalSection(SolutionProperties) = preSolution
		HideSolutionNode = FALSE
	EndGlobalSection
	GlobalSection(ExtensibilityGlobals) = postSolution
		SolutionGuid = {69DC4627-4458-4C16-8E12-F147A81E8044}
	EndGlobalSection
EndGlobal
